
Microsoft Visual Studio Solution File, Format Version 12.00
# Visual Studio Version 17
VisualStudioVersion = 17.9.34622.214
MinimumVisualStudioVersion = 10.0.40219.1
Project("{FAE04EC0-301F-11D3-BF4B-00C04F79EFBC}") = "ICalExperiments", "ICalExperiments\ICalExperiments.csproj", "{3EAE7365-3B90-4973-AE21-612E4B49B7D8}"
EndProject
Global
	GlobalSection(SolutionConfigurationPlatforms) = preSolution
		Debug|Any CPU = Debug|Any CPU
		Release|Any CPU = Release|Any CPU
	EndGlobalSection
	GlobalSection(ProjectConfigurationPlatforms) = postSolution
		{3EAE7365-3B90-4973-AE21-612E4B49B7D8}.Debug|Any CPU.ActiveCfg = Debug|Any CPU
		{3EAE7365-3B90-4973-AE21-612E4B49B7D8}.Debug|Any CPU.Build.0 = Debug|Any CPU
		{3EAE7365-3B90-4973-AE21-612E4B49B7D8}.Release|Any CPU.ActiveCfg = Release|Any CPU
		{3EAE7365-3B90-4973-AE21-612E4B49B7D8}.Release|Any CPU.Build.0 = Release|Any CPU
	EndGlobalSection
	GlobalSection(SolutionProperties) = preSolution
		HideSolutionNode = FALSE
	EndGlobalSection
	GlobalSection(ExtensibilityGlobals) = postSolution
		SolutionGuid = {E7FC94AD-1BC5-4BD4-A4AA-D032691C632B}
	EndGlobalSection
EndGlobal
